
Microsoft Visual Studio Solution File, Format Version 12.00
# Visual Studio 15
VisualStudioVersion = 15.0.27004.2009
MinimumVisualStudioVersion = 10.0.40219.1
Project("{9A19103F-16F7-4668-BE54-9A1E7A4F7556}") = "DeploymentTool", "DeploymentTool\DeploymentTool.csproj", "{1ACDE7DC-324D-455A-AD71-36CBBF7066F6}"
EndProject
Project("{9A19103F-16F7-4668-BE54-9A1E7A4F7556}") = "Publisher", "Publisher\Publisher.csproj", "{65DDE46E-3BCB-440A-BD83-71DF5DACE8A6}"
EndProject
Project("{9A19103F-16F7-4668-BE54-9A1E7A4F7556}") = "Data", "Data\Data.csproj", "{A7448A6B-BFA3-4269-B117-E5FA71C83A60}"
EndProject
Global
	GlobalSection(SolutionConfigurationPlatforms) = preSolution
		Debug|Any CPU = Debug|Any CPU
		Release|Any CPU = Release|Any CPU
	EndGlobalSection
	GlobalSection(ProjectConfigurationPlatforms) = postSolution
		{1ACDE7DC-324D-455A-AD71-36CBBF7066F6}.Debug|Any CPU.ActiveCfg = Debug|Any CPU
		{1ACDE7DC-324D-455A-AD71-36CBBF7066F6}.Debug|Any CPU.Build.0 = Debug|Any CPU
		{1ACDE7DC-324D-455A-AD71-36CBBF7066F6}.Release|Any CPU.ActiveCfg = Release|Any CPU
		{1ACDE7DC-324D-455A-AD71-36CBBF7066F6}.Release|Any CPU.Build.0 = Release|Any CPU
		{65DDE46E-3BCB-440A-BD83-71DF5DACE8A6}.Debug|Any CPU.ActiveCfg = Debug|Any CPU
		{65DDE46E-3BCB-440A-BD83-71DF5DACE8A6}.Debug|Any CPU.Build.0 = Debug|Any CPU
		{65DDE46E-3BCB-440A-BD83-71DF5DACE8A6}.Release|Any CPU.ActiveCfg = Release|Any CPU
		{65DDE46E-3BCB-440A-BD83-71DF5DACE8A6}.Release|Any CPU.Build.0 = Release|Any CPU
		{A7448A6B-BFA3-4269-B117-E5FA71C83A60}.Debug|Any CPU.ActiveCfg = Debug|Any CPU
		{A7448A6B-BFA3-4269-B117-E5FA71C83A60}.Debug|Any CPU.Build.0 = Debug|Any CPU
		{A7448A6B-BFA3-4269-B117-E5FA71C83A60}.Release|Any CPU.ActiveCfg = Release|Any CPU
		{A7448A6B-BFA3-4269-B117-E5FA71C83A60}.Release|Any CPU.Build.0 = Release|Any CPU
	EndGlobalSection
	GlobalSection(SolutionProperties) = preSolution
		HideSolutionNode = FALSE
	EndGlobalSection
	GlobalSection(ExtensibilityGlobals) = postSolution
		SolutionGuid = {F8EE4B5C-EA89-4E72-99DF-7D3DC0562330}
	EndGlobalSection
EndGlobal
